PODS:
  - Alamofire (4.9.1)
  - BinanceChain (1.0.0-beta):
    - BinanceChain/Core (= 1.0.0-beta)
  - BinanceChain/Core (1.0.0-beta):
    - Alamofire (~> 4.8)
    - BinanceChain/Libraries
    - BinanceChain/Protobuf
    - BinanceChain/Util
    - HDWalletKit1 (~> 0.3.8)
    - Starscream (~> 3.1)
    - SwiftDate (~> 6.0.1)
    - SwiftProtobuf (~> 1.4)
    - SwiftyJSON (~> 4.3)
    - XCGLogger (~> 7.0)
  - BinanceChain/Libraries (1.0.0-beta)
  - BinanceChain/Protobuf (1.0.0-beta)
  - BinanceChain/Util (1.0.0-beta)
  - CryptoSwift (1.4.0)
  - HDWalletKit1 (0.3.8):
    - CryptoSwift
    - secp256k1.swift
  - ObjcExceptionBridging (1.0.1):
    - ObjcExceptionBridging/ObjcExceptionBridging (= 1.0.1)
  - ObjcExceptionBridging/ObjcExceptionBridging (1.0.1)
  - secp256k1.swift (0.1.4)
  - Starscream (3.1.1)
  - SwiftDate (6.0.3)
  - SwiftProtobuf (1.17.0)
  - SwiftyJSON (4.3.0)
  - XCGLogger (7.0.1):
    - XCGLogger/Core (= 7.0.1)
  - XCGLogger/Core (7.0.1):
    - ObjcExceptionBridging

DEPENDENCIES:
  - BinanceChain (from `.`)
  - CryptoSwift
  - HDWalletKit1
  - Starscream
  - SwiftProtobuf

SPEC REPOS:
  trunk:
    - Alamofire
    - CryptoSwift
    - HDWalletKit1
    - ObjcExceptionBridging
    - secp256k1.swift
    - Starscream
    - SwiftDate
    - SwiftProtobuf
    - SwiftyJSON
    - XCGLogger

EXTERNAL SOURCES:
  BinanceChain:
    :path: "."

SPEC CHECKSUMS:
  Alamofire: 85e8a02c69d6020a0d734f6054870d7ecb75cf18
  BinanceChain: b8ef87d0ca7691cf4a3bee8bddce4e1b234baa58
  CryptoSwift: 7cc902df1784de3b389a387756c7d710f197730c
  HDWalletKit1: d9f71e7ea198b0af3169ea5f124c7fc8e4dc797c
  ObjcExceptionBridging: c30e00eb3700467e695faeea30e26e18bd445001
  secp256k1.swift: a7e7a214f6db6ce5db32cc6b2b45e5c4dd633634
  Starscream: 4bb2f9942274833f7b4d296a55504dcfc7edb7b0
  SwiftDate: 8d4f14bf1ef68e95094511504856547bf9e3e1a6
  SwiftProtobuf: 9c85136c6ba74b0a1b84279dbf0f6db8efb714e0
  SwiftyJSON: 6faa0040f8b59dead0ee07436cbf76b73c08fd08
  XCGLogger: 1943831ef907df55108b0b18657953f868de973b

PODFILE CHECKSUM: f1b4c49d94deaa0d097842e8409940106118aa70

COCOAPODS: 1.10.1
